// !$*UTF8*$!
{
	archiveVersion = 1;
	classes = {
	};
	objectVersion = 46;
	objects = {

/* Begin PBXBuildFile section */
		BEC14065197BA63D009643D1 /* MBProgressHUD.m in Sources */ = {isa = PBXBuildFile; fileRef = BEC14064197BA63D009643D1 /* MBProgressHUD.m */; };
		BEE778D81975728D000CB8AC /* ADFlipTransition.m in Sources */ = {isa = PBXBuildFile; fileRef = BEE778D51975728D000CB8AC /* ADFlipTransition.m */; };
		BEE778D91975728D000CB8AC /* UICollectionViewController+ADFlipTransition.m in Sources */ = {isa = PBXBuildFile; fileRef = BEE778D71975728D000CB8AC /* UICollectionViewController+ADFlipTransition.m */; };
		BEE778DC197572B5000CB8AC /* UIViewController+ADFlipTransition.m in Sources */ = {isa = PBXBuildFile; fileRef = BEE778DB197572B5000CB8AC /* UIViewController+ADFlipTransition.m */; };
		BEE778E019757335000CB8AC /* FSEditorViewController.m in Sources */ = {isa = PBXBuildFile; fileRef = BEE778DF19757335000CB8AC /* FSEditorViewController.m */; };
		BEE778E319757400000CB8AC /* UIView+CaptureImage.m in Sources */ = {isa = PBXBuildFile; fileRef = BEE778E219757400000CB8AC /* UIView+CaptureImage.m */; };
		BEEDCB1819741974009B4F0B /* FSViewController.m in Sources */ = {isa = PBXBuildFile; fileRef = BEEDCB1719741974009B4F0B /* FSViewController.m */; };
		BEEDCB1E19742634009B4F0B /* MONActivityIndicatorView.m in Sources */ = {isa = PBXBuildFile; fileRef = BEEDCB1C19742634009B4F0B /* MONActivityIndicatorView.m */; };
		D339D5DA1978D30D002E1A4B /* tiaose@2x.png in Resources */ = {isa = PBXBuildFile; fileRef = D339D5D91978D30D002E1A4B /* tiaose@2x.png */; };
		D339D5DE1978FCB1002E1A4B /* edit_back@2x.png in Resources */ = {isa = PBXBuildFile; fileRef = D339D5DD1978FCB1002E1A4B /* edit_back@2x.png */; };
		D339D5EA19790095002E1A4B /* CLClassList.m in Sources */ = {isa = PBXBuildFile; fileRef = D339D5E119790095002E1A4B /* CLClassList.m */; };
		D339D5EB19790095002E1A4B /* CLSplineInterpolator.m in Sources */ = {isa = PBXBuildFile; fileRef = D339D5E319790095002E1A4B /* CLSplineInterpolator.m */; };
		D339D5EC19790095002E1A4B /* UIDevice+SystemVersion.m in Sources */ = {isa = PBXBuildFile; fileRef = D339D5E519790095002E1A4B /* UIDevice+SystemVersion.m */; };
		D339D5ED19790095002E1A4B /* UIImage+Utility.m in Sources */ = {isa = PBXBuildFile; fileRef = D339D5E719790095002E1A4B /* UIImage+Utility.m */; };
		D339D5EE19790095002E1A4B /* UIView+Frame.m in Sources */ = {isa = PBXBuildFile; fileRef = D339D5E919790095002E1A4B /* UIView+Frame.m */; };
		D339D5F519790220002E1A4B /* brightness.png in Resources */ = {isa = PBXBuildFile; fileRef = D339D5EF19790220002E1A4B /* brightness.png */; };
		D339D5F619790220002E1A4B /* brightness@2x.png in Resources */ = {isa = PBXBuildFile; fileRef = D339D5F019790220002E1A4B /* brightness@2x.png */; };
		D339D5F719790220002E1A4B /* contrast.png in Resources */ = {isa = PBXBuildFile; fileRef = D339D5F119790220002E1A4B /* contrast.png */; };
		D339D5F819790220002E1A4B /* contrast@2x.png in Resources */ = {isa = PBXBuildFile; fileRef = D339D5F219790220002E1A4B /* contrast@2x.png */; };
		D339D5F919790220002E1A4B /* saturation.png in Resources */ = {isa = PBXBuildFile; fileRef = D339D5F319790220002E1A4B /* saturation.png */; };
		D339D5FA19790220002E1A4B /* saturation@2x.png in Resources */ = {isa = PBXBuildFile; fileRef = D339D5F419790220002E1A4B /* saturation@2x.png */; };
		D339D5FD19792630002E1A4B /* CMSCoinView.m in Sources */ = {isa = PBXBuildFile; fileRef = D339D5FC19792630002E1A4B /* CMSCoinView.m */; };
		D396F5531973AD5200F21999 /* nav_bg@2x.png in Resources */ = {isa = PBXBuildFile; fileRef = D396F5521973AD5200F21999 /* nav_bg@2x.png */; };
		D396F5551973B50C00F21999 /* pulDrawer.png in Resources */ = {isa = PBXBuildFile; fileRef = D396F5541973B50C00F21999 /* pulDrawer.png */; };
		D396F5601973B5C100F21999 /* UILabel+attributed.m in Sources */ = {isa = PBXBuildFile; fileRef = D396F5571973B5C100F21999 /* UILabel+attributed.m */; };
		D396F5611973B5C100F21999 /* UIButton+Block.m in Sources */ = {isa = PBXBuildFile; fileRef = D396F5591973B5C100F21999 /* UIButton+Block.m */; };
		D396F5621973B5C100F21999 /* UIAlertView+Block.m in Sources */ = {isa = PBXBuildFile; fileRef = D396F55B1973B5C100F21999 /* UIAlertView+Block.m */; };
		D396F5631973B5C100F21999 /* NSString+size.m in Sources */ = {isa = PBXBuildFile; fileRef = D396F55D1973B5C100F21999 /* NSString+size.m */; };
		D396F5641973B5C100F21999 /* NSObject+Objects.m in Sources */ = {isa = PBXBuildFile; fileRef = D396F55F1973B5C100F21999 /* NSObject+Objects.m */; };
		D396F5711973B69300F21999 /* MMDrawerBarButtonItem.m in Sources */ = {isa = PBXBuildFile; fileRef = D396F5681973B69300F21999 /* MMDrawerBarButtonItem.m */; };
		D396F5721973B69300F21999 /* MMDrawerController.m in Sources */ = {isa = PBXBuildFile; fileRef = D396F56A1973B69300F21999 /* MMDrawerController.m */; };
		D396F5731973B69300F21999 /* MMDrawerVisualState.m in Sources */ = {isa = PBXBuildFile; fileRef = D396F56C1973B69300F21999 /* MMDrawerVisualState.m */; };
		D396F5741973B69300F21999 /* MMExampleDrawerVisualStateManager.m in Sources */ = {isa = PBXBuildFile; fileRef = D396F56E1973B69300F21999 /* MMExampleDrawerVisualStateManager.m */; };
		D396F5751973B69300F21999 /* UIViewController+MMDrawerController.m in Sources */ = {isa = PBXBuildFile; fileRef = D396F5701973B69300F21999 /* UIViewController+MMDrawerController.m */; };
		D396F5781973B6FC00F21999 /* FSMenuViewController.m in Sources */ = {isa = PBXBuildFile; fileRef = D396F5771973B6FC00F21999 /* FSMenuViewController.m */; };
		D396F57B1973BD4600F21999 /* Localizable.strings in Resources */ = {isa = PBXBuildFile; fileRef = D396F57D1973BD4600F21999 /* Localizable.strings */; };
		D396F5821973C58000F21999 /* FSSubTypeViewController.m in Sources */ = {isa = PBXBuildFile; fileRef = D396F5811973C58000F21999 /* FSSubTypeViewController.m */; };
		D396F5881973C72200F21999 /* JBParallaxCell.m in Sources */ = {isa = PBXBuildFile; fileRef = D396F5871973C72200F21999 /* JBParallaxCell.m */; };
		D396F58A1973CF5500F21999 /* placeholder2@2x.png in Resources */ = {isa = PBXBuildFile; fileRef = D396F5891973CF5500F21999 /* placeholder2@2x.png */; };
		D3A9626A19761DCD007C561C /* CurledViewBase.m in Sources */ = {isa = PBXBuildFile; fileRef = D3A9626519761DCD007C561C /* CurledViewBase.m */; };
		D3A9626B19761DCD007C561C /* UIButton+Curled.m in Sources */ = {isa = PBXBuildFile; fileRef = D3A9626719761DCD007C561C /* UIButton+Curled.m */; };
		D3A9626C19761DCD007C561C /* UIImageView+Curled.m in Sources */ = {isa = PBXBuildFile; fileRef = D3A9626919761DCD007C561C /* UIImageView+Curled.m */; };
		D3A9627019763F99007C561C /* SinglePicManager.m in Sources */ = {isa = PBXBuildFile; fileRef = D3A9626F19763F99007C561C /* SinglePicManager.m */; };
		D3A9627419764593007C561C /* DACircularProgressView.m in Sources */ = {isa = PBXBuildFile; fileRef = D3A9627319764593007C561C /* DACircularProgressView.m */; };
		D3ABA6D9197796CE0082A5B2 /* EditorButton.m in Sources */ = {isa = PBXBuildFile; fileRef = D3ABA6D8197796CE0082A5B2 /* EditorButton.m */; };
		D3B2E58E197CF3DD007C3605 /* animal_bg@2x.png in Resources */ = {isa = PBXBuildFile; fileRef = D3B2E58C197CF3DD007C3605 /* animal_bg@2x.png */; };
		D3B2E58F197CF3DD007C3605 /* peple_bg@2x.png in Resources */ = {isa = PBXBuildFile; fileRef = D3B2E58D197CF3DD007C3605 /* peple_bg@2x.png */; };
		D3B4FDF31974C7D20078B05E /* InstagramCollectionViewController.m in Sources */ = {isa = PBXBuildFile; fileRef = D3B4FDEE1974C7D20078B05E /* InstagramCollectionViewController.m */; };
		D3B4FDF41974C7D20078B05E /* InstagramPictureCollectionViewController.m in Sources */ = {isa = PBXBuildFile; fileRef = D3B4FDF01974C7D20078B05E /* InstagramPictureCollectionViewController.m */; };
		D3B4FDF51974C7D20078B05E /* InstagramThumbnailCollectionViewController.m in Sources */ = {isa = PBXBuildFile; fileRef = D3B4FDF21974C7D20078B05E /* InstagramThumbnailCollectionViewController.m */; };
		D3B4FDF81974C7DD0078B05E /* InstagramCell.m in Sources */ = {isa = PBXBuildFile; fileRef = D3B4FDF71974C7DD0078B05E /* InstagramCell.m */; };
		D3B4FDFF1974C7E40078B05E /* InstagramMediaModel.m in Sources */ = {isa = PBXBuildFile; fileRef = D3B4FDFA1974C7E40078B05E /* InstagramMediaModel.m */; };
		D3B4FE001974C7E40078B05E /* InstagramMediaModel+XHMediaControl.m in Sources */ = {isa = PBXBuildFile; fileRef = D3B4FDFC1974C7E40078B05E /* InstagramMediaModel+XHMediaControl.m */; };
		D3B4FE011974C7E40078B05E /* XHInstagramStoreManager.m in Sources */ = {isa = PBXBuildFile; fileRef = D3B4FDFE1974C7E40078B05E /* XHInstagramStoreManager.m */; };
		D3B80F751973718E005F0832 /* Foundation.framework in Frameworks */ = {isa = PBXBuildFile; fileRef = D3B80F741973718E005F0832 /* Foundation.framework */; };
		D3B80F771973718E005F0832 /* CoreGraphics.framework in Frameworks */ = {isa = PBXBuildFile; fileRef = D3B80F761973718E005F0832 /* CoreGraphics.framework */; };
		D3B80F791973718E005F0832 /* UIKit.framework in Frameworks */ = {isa = PBXBuildFile; fileRef = D3B80F781973718E005F0832 /* UIKit.framework */; };
		D3B80F7F1973718E005F0832 /* InfoPlist.strings in Resources */ = {isa = PBXBuildFile; fileRef = D3B80F7D1973718E005F0832 /* InfoPlist.strings */; };
		D3B80F811973718E005F0832 /* main.m in Sources */ = {isa = PBXBuildFile; fileRef = D3B80F801973718E005F0832 /* main.m */; };
		D3B80F851973718E005F0832 /* FSAppDelegate.m in Sources */ = {isa = PBXBuildFile; fileRef = D3B80F841973718E005F0832 /* FSAppDelegate.m */; };
		D3B80F881973718E005F0832 /* Main_iPhone.storyboard in Resources */ = {isa = PBXBuildFile; fileRef = D3B80F861973718E005F0832 /* Main_iPhone.storyboard */; };
		D3B80F8B1973718E005F0832 /* Main_iPad.storyboard in Resources */ = {isa = PBXBuildFile; fileRef = D3B80F891973718E005F0832 /* Main_iPad.storyboard */; };
		D3B80F901973718E005F0832 /* Images.xcassets in Resources */ = {isa = PBXBuildFile; fileRef = D3B80F8F1973718E005F0832 /* Images.xcassets */; };
		D3B80F971973718E005F0832 /* XCTest.framework in Frameworks */ = {isa = PBXBuildFile; fileRef = D3B80F961973718E005F0832 /* XCTest.framework */; };
		D3B80F981973718E005F0832 /* Foundation.framework in Frameworks */ = {isa = PBXBuildFile; fileRef = D3B80F741973718E005F0832 /* Foundation.framework */; };
		D3B80F991973718E005F0832 /* UIKit.framework in Frameworks */ = {isa = PBXBuildFile; fileRef = D3B80F781973718E005F0832 /* UIKit.framework */; };
		D3B80FA11973718E005F0832 /* InfoPlist.strings in Resources */ = {isa = PBXBuildFile; fileRef = D3B80F9F1973718E005F0832 /* InfoPlist.strings */; };
		D3B80FA31973718E005F0832 /* iFcTests.m in Sources */ = {isa = PBXBuildFile; fileRef = D3B80FA21973718E005F0832 /* iFcTests.m */; };
		D3B80FB71973758F005F0832 /* FSBaseViewController.m in Sources */ = {isa = PBXBuildFile; fileRef = D3B80FB61973758F005F0832 /* FSBaseViewController.m */; };
		D3B80FB9197375E5005F0832 /* AdSupport.framework in Frameworks */ = {isa = PBXBuildFile; fileRef = D3B80FB8197375E5005F0832 /* AdSupport.framework */; };
		D3B80FBB197375EE005F0832 /* Social.framework in Frameworks */ = {isa = PBXBuildFile; fileRef = D3B80FBA197375EE005F0832 /* Social.framework */; };
		D3B80FBD197375F4005F0832 /* Accounts.framework in Frameworks */ = {isa = PBXBuildFile; fileRef = D3B80FBC197375F4005F0832 /* Accounts.framework */; };
		D3B80FBF197375FD005F0832 /* AudioToolbox.framework in Frameworks */ = {isa = PBXBuildFile; fileRef = D3B80FBE197375FD005F0832 /* AudioToolbox.framework */; };
		D3B80FC119737603005F0832 /* CFNetwork.framework in Frameworks */ = {isa = PBXBuildFile; fileRef = D3B80FC019737603005F0832 /* CFNetwork.framework */; };
		D3B80FC31973761C005F0832 /* libsqlite3.dylib in Frameworks */ = {isa = PBXBuildFile; fileRef = D3B80FC21973761C005F0832 /* libsqlite3.dylib */; };
		D3B80FC51973763E005F0832 /* CoreLocation.framework in Frameworks */ = {isa = PBXBuildFile; fileRef = D3B80FC41973763E005F0832 /* CoreLocation.framework */; };
		D3B80FC719737645005F0832 /* libz.1.1.3.dylib in Frameworks */ = {isa = PBXBuildFile; fileRef = D3B80FC619737645005F0832 /* libz.1.1.3.dylib */; };
		D3B80FC91973764B005F0832 /* MobileCoreServices.framework in Frameworks */ = {isa = PBXBuildFile; fileRef = D3B80FC81973764B005F0832 /* MobileCoreServices.framework */; };
		D3B80FCB19737652005F0832 /* QuartzCore.framework in Frameworks */ = {isa = PBXBuildFile; fileRef = D3B80FCA19737652005F0832 /* QuartzCore.framework */; };
		D3B80FCD1973765A005F0832 /* StoreKit.framework in Frameworks */ = {isa = PBXBuildFile; fileRef = D3B80FCC1973765A005F0832 /* StoreKit.framework */; };
		D3B80FCF19737660005F0832 /* Security.framework in Frameworks */ = {isa = PBXBuildFile; fileRef = D3B80FCE19737660005F0832 /* Security.framework */; };
		D3B80FD119737666005F0832 /* SystemConfiguration.framework in Frameworks */ = {isa = PBXBuildFile; fileRef = D3B80FD019737666005F0832 /* SystemConfiguration.framework */; };
		D3B80FD31973787A005F0832 /* Parse.framework in Frameworks */ = {isa = PBXBuildFile; fileRef = D3B80FD21973787A005F0832 /* Parse.framework */; };
		D3B80FD719737955005F0832 /* FSConfig.m in Sources */ = {isa = PBXBuildFile; fileRef = D3B80FD619737955005F0832 /* FSConfig.m */; };
		D3B80FD919739745005F0832 /* cellBg.png in Resources */ = {isa = PBXBuildFile; fileRef = D3B80FD819739745005F0832 /* cellBg.png */; };
		D3B80FDB1973A048005F0832 /* placeholder@2x.png in Resources */ = {isa = PBXBuildFile; fileRef = D3B80FDA1973A048005F0832 /* placeholder@2x.png */; };
/* End PBXBuildFile section */

/* Begin PBXContainerItemProxy section */
		D3B80F9A1973718E005F0832 /* PBXContainerItemProxy */ = {
			isa = PBXContainerItemProxy;
			containerPortal = D3B80F691973718E005F0832 /* Project object */;
			proxyType = 1;
			remoteGlobalIDString = D3B80F701973718E005F0832;
			remoteInfo = iFc;
		};
/* End PBXContainerItemProxy section */

/* Begin PBXFileReference section */
		BEC14063197BA63D009643D1 /* MBProgressHUD.h */ = {isa = PBXFileReference; fileEncoding = 4; lastKnownFileType = sourcecode.c.h; path = MBProgressHUD.h; sourceTree = "<group>"; };
		BEC14064197BA63D009643D1 /* MBProgressHUD.m */ = {isa = PBXFileReference; fileEncoding = 4; lastKnownFileType = sourcecode.c.objc; path = MBProgressHUD.m; sourceTree = "<group>"; };
		BEE778D41975728D000CB8AC /* ADFlipTransition.h */ = {isa = PBXFileReference; fileEncoding = 4; lastKnownFileType = sourcecode.c.h; path = ADFlipTransition.h; sourceTree = "<group>"; };
		BEE778D51975728D000CB8AC /* ADFlipTransition.m */ = {isa = PBXFileReference; fileEncoding = 4; lastKnownFileType = sourcecode.c.objc; path = ADFlipTransition.m; sourceTree = "<group>"; };
		BEE778D61975728D000CB8AC /* UICollectionViewController+ADFlipTransition.h */ = {isa = PBXFileReference; fileEncoding = 4; lastKnownFileType = sourcecode.c.h; path = "UICollectionViewController+ADFlipTransition.h"; sourceTree = "<group>"; };
		BEE778D71975728D000CB8AC /* UICollectionViewController+ADFlipTransition.m */ = {isa = PBXFileReference; fileEncoding = 4; lastKnownFileType = sourcecode.c.objc; path = "UICollectionViewController+ADFlipTransition.m"; sourceTree = "<group>"; };
		BEE778DA197572B5000CB8AC /* UIViewController+ADFlipTransition.h */ = {isa = PBXFileReference; fileEncoding = 4; lastKnownFileType = sourcecode.c.h; path = "UIViewController+ADFlipTransition.h"; sourceTree = "<group>"; };
		BEE778DB197572B5000CB8AC /* UIViewController+ADFlipTransition.m */ = {isa = PBXFileReference; fileEncoding = 4; lastKnownFileType = sourcecode.c.objc; path = "UIViewController+ADFlipTransition.m"; sourceTree = "<group>"; };
		BEE778DE19757335000CB8AC /* FSEditorViewController.h */ = {isa = PBXFileReference; fileEncoding = 4; lastKnownFileType = sourcecode.c.h; path = FSEditorViewController.h; sourceTree = "<group>"; };
		BEE778DF19757335000CB8AC /* FSEditorViewController.m */ = {isa = PBXFileReference; fileEncoding = 4; lastKnownFileType = sourcecode.c.objc; path = FSEditorViewController.m; sourceTree = "<group>"; };
		BEE778E119757400000CB8AC /* UIView+CaptureImage.h */ = {isa = PBXFileReference; fileEncoding = 4; lastKnownFileType = sourcecode.c.h; path = "UIView+CaptureImage.h"; sourceTree = "<group>"; };
		BEE778E219757400000CB8AC /* UIView+CaptureImage.m */ = {isa = PBXFileReference; fileEncoding = 4; lastKnownFileType = sourcecode.c.objc; path = "UIView+CaptureImage.m"; sourceTree = "<group>"; };
		BEEDCB1619741974009B4F0B /* FSViewController.h */ = {isa = PBXFileReference; fileEncoding = 4; lastKnownFileType = sourcecode.c.h; name = FSViewController.h; path = iFc/FSViewController.h; sourceTree = SOURCE_ROOT; };
		BEEDCB1719741974009B4F0B /* FSViewController.m */ = {isa = PBXFileReference; fileEncoding = 4; lastKnownFileType = sourcecode.c.objc; name = FSViewController.m; path = iFc/FSViewController.m; sourceTree = SOURCE_ROOT; };
		BEEDCB1B19742634009B4F0B /* MONActivityIndicatorView.h */ = {isa = PBXFileReference; fileEncoding = 4; lastKnownFileType = sourcecode.c.h; path = MONActivityIndicatorView.h; sourceTree = "<group>"; };
		BEEDCB1C19742634009B4F0B /* MONActivityIndicatorView.m */ = {isa = PBXFileReference; fileEncoding = 4; lastKnownFileType = sourcecode.c.objc; path = MONActivityIndicatorView.m; sourceTree = "<group>"; };
		D339D5D91978D30D002E1A4B /* tiaose@2x.png */ = {isa = PBXFileReference; lastKnownFileType = image.png; path = "tiaose@2x.png"; sourceTree = "<group>"; };
		D339D5DD1978FCB1002E1A4B /* edit_back@2x.png */ = {isa = PBXFileReference; lastKnownFileType = image.png; path = "edit_back@2x.png"; sourceTree = "<group>"; };
		D339D5E019790095002E1A4B /* CLClassList.h */ = {isa = PBXFileReference; fileEncoding = 4; lastKnownFileType = sourcecode.c.h; path = CLClassList.h; sourceTree = "<group>"; };
		D339D5E119790095002E1A4B /* CLClassList.m */ = {isa = PBXFileReference; fileEncoding = 4; lastKnownFileType = sourcecode.c.objc; path = CLClassList.m; sourceTree = "<group>"; };
		D339D5E219790095002E1A4B /* CLSplineInterpolator.h */ = {isa = PBXFileReference; fileEncoding = 4; lastKnownFileType = sourcecode.c.h; path = CLSplineInterpolator.h; sourceTree = "<group>"; };
		D339D5E319790095002E1A4B /* CLSplineInterpolator.m */ = {isa = PBXFileReference; fileEncoding = 4; lastKnownFileType = sourcecode.c.objc; path = CLSplineInterpolator.m; sourceTree = "<group>"; };
		D339D5E419790095002E1A4B /* UIDevice+SystemVersion.h */ = {isa = PBXFileReference; fileEncoding = 4; lastKnownFileType = sourcecode.c.h; path = "UIDevice+SystemVersion.h"; sourceTree = "<group>"; };
		D339D5E519790095002E1A4B /* UIDevice+SystemVersion.m */ = {isa = PBXFileReference; fileEncoding = 4; lastKnownFileType = sourcecode.c.objc; path = "UIDevice+SystemVersion.m"; sourceTree = "<group>"; };
		D339D5E619790095002E1A4B /* UIImage+Utility.h */ = {isa = PBXFileReference; fileEncoding = 4; lastKnownFileType = sourcecode.c.h; path = "UIImage+Utility.h"; sourceTree = "<group>"; };
		D339D5E719790095002E1A4B /* UIImage+Utility.m */ = {isa = PBXFileReference; fileEncoding = 4; lastKnownFileType = sourcecode.c.objc; path = "UIImage+Utility.m"; sourceTree = "<group>"; };
		D339D5E819790095002E1A4B /* UIView+Frame.h */ = {isa = PBXFileReference; fileEncoding = 4; lastKnownFileType = sourcecode.c.h; path = "UIView+Frame.h"; sourceTree = "<group>"; };
		D339D5E919790095002E1A4B /* UIView+Frame.m */ = {isa = PBXFileReference; fileEncoding = 4; lastKnownFileType = sourcecode.c.objc; path = "UIView+Frame.m"; sourceTree = "<group>"; };
		D339D5EF19790220002E1A4B /* brightness.png */ = {isa = PBXFileReference; lastKnownFileType = image.png; path = brightness.png; sourceTree = "<group>"; };
		D339D5F019790220002E1A4B /* brightness@2x.png */ = {isa = PBXFileReference; lastKnownFileType = image.png; path = "brightness@2x.png"; sourceTree = "<group>"; };
		D339D5F119790220002E1A4B /* contrast.png */ = {isa = PBXFileReference; lastKnownFileType = image.png; path = contrast.png; sourceTree = "<group>"; };
		D339D5F219790220002E1A4B /* contrast@2x.png */ = {isa = PBXFileReference; lastKnownFileType = image.png; path = "contrast@2x.png"; sourceTree = "<group>"; };
		D339D5F319790220002E1A4B /* saturation.png */ = {isa = PBXFileReference; lastKnownFileType = image.png; path = saturation.png; sourceTree = "<group>"; };
		D339D5F419790220002E1A4B /* saturation@2x.png */ = {isa = PBXFileReference; lastKnownFileType = image.png; path = "saturation@2x.png"; sourceTree = "<group>"; };
		D339D5FB19792630002E1A4B /* CMSCoinView.h */ = {isa = PBXFileReference; fileEncoding = 4; lastKnownFileType = sourcecode.c.h; path = CMSCoinView.h; sourceTree = "<group>"; };
		D339D5FC19792630002E1A4B /* CMSCoinView.m */ = {isa = PBXFileReference; fileEncoding = 4; lastKnownFileType = sourcecode.c.objc; path = CMSCoinView.m; sourceTree = "<group>"; };
		D396F5521973AD5200F21999 /* nav_bg@2x.png */ = {isa = PBXFileReference; lastKnownFileType = image.png; path = "nav_bg@2x.png"; sourceTree = "<group>"; };
		D396F5541973B50C00F21999 /* pulDrawer.png */ = {isa = PBXFileReference; lastKnownFileType = image.png; path = pulDrawer.png; sourceTree = "<group>"; };
		D396F5561973B5C100F21999 /* UILabel+attributed.h */ = {isa = PBXFileReference; fileEncoding = 4; lastKnownFileType = sourcecode.c.h; path = "UILabel+attributed.h"; sourceTree = "<group>"; };
		D396F5571973B5C100F21999 /* UILabel+attributed.m */ = {isa = PBXFileReference; fileEncoding = 4; lastKnownFileType = sourcecode.c.objc; path = "UILabel+attributed.m"; sourceTree = "<group>"; };
		D396F5581973B5C100F21999 /* UIButton+Block.h */ = {isa = PBXFileReference; fileEncoding = 4; lastKnownFileType = sourcecode.c.h; path = "UIButton+Block.h"; sourceTree = "<group>"; };
		D396F5591973B5C100F21999 /* UIButton+Block.m */ = {isa = PBXFileReference; fileEncoding = 4; lastKnownFileType = sourcecode.c.objc; path = "UIButton+Block.m"; sourceTree = "<group>"; };
		D396F55A1973B5C100F21999 /* UIAlertView+Block.h */ = {isa = PBXFileReference; fileEncoding = 4; lastKnownFileType = sourcecode.c.h; path = "UIAlertView+Block.h"; sourceTree = "<group>"; };
		D396F55B1973B5C100F21999 /* UIAlertView+Block.m */ = {isa = PBXFileReference; fileEncoding = 4; lastKnownFileType = sourcecode.c.objc; path = "UIAlertView+Block.m"; sourceTree = "<group>"; };
		D396F55C1973B5C100F21999 /* NSString+size.h */ = {isa = PBXFileReference; fileEncoding = 4; lastKnownFileType = sourcecode.c.h; path = "NSString+size.h"; sourceTree = "<group>"; };
		D396F55D1973B5C100F21999 /* NSString+size.m */ = {isa = PBXFileReference; fileEncoding = 4; lastKnownFileType = sourcecode.c.objc; path = "NSString+size.m"; sourceTree = "<group>"; };
		D396F55E1973B5C100F21999 /* NSObject+Objects.h */ = {isa = PBXFileReference; fileEncoding = 4; lastKnownFileType = sourcecode.c.h; path = "NSObject+Objects.h"; sourceTree = "<group>"; };
		D396F55F1973B5C100F21999 /* NSObject+Objects.m */ = {isa = PBXFileReference; fileEncoding = 4; lastKnownFileType = sourcecode.c.objc; path = "NSObject+Objects.m"; sourceTree = "<group>"; };
		D396F5671973B69300F21999 /* MMDrawerBarButtonItem.h */ = {isa = PBXFileReference; fileEncoding = 4; lastKnownFileType = sourcecode.c.h; path = MMDrawerBarButtonItem.h; sourceTree = "<group>"; };
		D396F5681973B69300F21999 /* MMDrawerBarButtonItem.m */ = {isa = PBXFileReference; fileEncoding = 4; lastKnownFileType = sourcecode.c.objc; path = MMDrawerBarButtonItem.m; sourceTree = "<group>"; };
		D396F5691973B69300F21999 /* MMDrawerController.h */ = {isa = PBXFileReference; fileEncoding = 4; lastKnownFileType = sourcecode.c.h; path = MMDrawerController.h; sourceTree = "<group>"; };
		D396F56A1973B69300F21999 /* MMDrawerController.m */ = {isa = PBXFileReference; fileEncoding = 4; lastKnownFileType = sourcecode.c.objc; path = MMDrawerController.m; sourceTree = "<group>"; };
		D396F56B1973B69300F21999 /* MMDrawerVisualState.h */ = {isa = PBXFileReference; fileEncoding = 4; lastKnownFileType = sourcecode.c.h; path = MMDrawerVisualState.h; sourceTree = "<group>"; };
		D396F56C1973B69300F21999 /* MMDrawerVisualState.m */ = {isa = PBXFileReference; fileEncoding = 4; lastKnownFileType = sourcecode.c.objc; path = MMDrawerVisualState.m; sourceTree = "<group>"; };
		D396F56D1973B69300F21999 /* MMExampleDrawerVisualStateManager.h */ = {isa = PBXFileReference; fileEncoding = 4; lastKnownFileType = sourcecode.c.h; path = MMExampleDrawerVisualStateManager.h; sourceTree = "<group>"; };
		D396F56E1973B69300F21999 /* MMExampleDrawerVisualStateManager.m */ = {isa = PBXFileReference; fileEncoding = 4; lastKnownFileType = sourcecode.c.objc; path = MMExampleDrawerVisualStateManager.m; sourceTree = "<group>"; };
		D396F56F1973B69300F21999 /* UIViewController+MMDrawerController.h */ = {isa = PBXFileReference; fileEncoding = 4; lastKnownFileType = sourcecode.c.h; path = "UIViewController+MMDrawerController.h"; sourceTree = "<group>"; };
		D396F5701973B69300F21999 /* UIViewController+MMDrawerController.m */ = {isa = PBXFileReference; fileEncoding = 4; lastKnownFileType = sourcecode.c.objc; path = "UIViewController+MMDrawerController.m"; sourceTree = "<group>"; };
		D396F5761973B6FC00F21999 /* FSMenuViewController.h */ = {isa = PBXFileReference; fileEncoding = 4; lastKnownFileType = sourcecode.c.h; path = FSMenuViewController.h; sourceTree = "<group>"; };
		D396F5771973B6FC00F21999 /* FSMenuViewController.m */ = {isa = PBXFileReference; fileEncoding = 4; lastKnownFileType = sourcecode.c.objc; path = FSMenuViewController.m; sourceTree = "<group>"; };
		D396F57C1973BD4600F21999 /* zh-Hans */ = {isa = PBXFileReference; lastKnownFileType = text.plist.strings; name = "zh-Hans"; path = "zh-Hans.lproj/Localizable.strings"; sourceTree = "<group>"; usesTabs = 0; };
		D396F57E1973BD4C00F21999 /* zh-Hant */ = {isa = PBXFileReference; lastKnownFileType = text.plist.strings; name = "zh-Hant"; path = "zh-Hant.lproj/Localizable.strings"; sourceTree = "<group>"; };
		D396F57F1973BD4D00F21999 /* en */ = {isa = PBXFileReference; lastKnownFileType = text.plist.strings; name = en; path = en.lproj/Localizable.strings; sourceTree = "<group>"; };
		D396F5801973C58000F21999 /* FSSubTypeViewController.h */ = {isa = PBXFileReference; fileEncoding = 4; lastKnownFileType = sourcecode.c.h; name = FSSubTypeViewController.h; path = ../../FSSubTypeViewController.h; sourceTree = "<group>"; };
		D396F5811973C58000F21999 /* FSSubTypeViewController.m */ = {isa = PBXFileReference; fileEncoding = 4; lastKnownFileType = sourcecode.c.objc; name = FSSubTypeViewController.m; path = ../../FSSubTypeViewController.m; sourceTree = "<group>"; };
		D396F5861973C72200F21999 /* JBParallaxCell.h */ = {isa = PBXFileReference; fileEncoding = 4; lastKnownFileType = sourcecode.c.h; path = JBParallaxCell.h; sourceTree = "<group>"; };
		D396F5871973C72200F21999 /* JBParallaxCell.m */ = {isa = PBXFileReference; fileEncoding = 4; lastKnownFileType = sourcecode.c.objc; path = JBParallaxCell.m; sourceTree = "<group>"; };
		D396F5891973CF5500F21999 /* placeholder2@2x.png */ = {isa = PBXFileReference; lastKnownFileType = image.png; path = "placeholder2@2x.png"; sourceTree = "<group>"; };
		D3A9626419761DCD007C561C /* CurledViewBase.h */ = {isa = PBXFileReference; fileEncoding = 4; lastKnownFileType = sourcecode.c.h; path = CurledViewBase.h; sourceTree = "<group>"; };
		D3A9626519761DCD007C561C /* CurledViewBase.m */ = {isa = PBXFileReference; fileEncoding = 4; lastKnownFileType = sourcecode.c.objc; path = CurledViewBase.m; sourceTree = "<group>"; };
		D3A9626619761DCD007C561C /* UIButton+Curled.h */ = {isa = PBXFileReference; fileEncoding = 4; lastKnownFileType = sourcecode.c.h; path = "UIButton+Curled.h"; sourceTree = "<group>"; };
		D3A9626719761DCD007C561C /* UIButton+Curled.m */ = {isa = PBXFileReference; fileEncoding = 4; lastKnownFileType = sourcecode.c.objc; path = "UIButton+Curled.m"; sourceTree = "<group>"; };
		D3A9626819761DCD007C561C /* UIImageView+Curled.h */ = {isa = PBXFileReference; fileEncoding = 4; lastKnownFileType = sourcecode.c.h; path = "UIImageView+Curled.h"; sourceTree = "<group>"; };
		D3A9626919761DCD007C561C /* UIImageView+Curled.m */ = {isa = PBXFileReference; fileEncoding = 4; lastKnownFileType = sourcecode.c.objc; path = "UIImageView+Curled.m"; sourceTree = "<group>"; };
		D3A9626E19763F99007C561C /* SinglePicManager.h */ = {isa = PBXFileReference; fileEncoding = 4; lastKnownFileType = sourcecode.c.h; path = SinglePicManager.h; sourceTree = "<group>"; };
		D3A9626F19763F99007C561C /* SinglePicManager.m */ = {isa = PBXFileReference; fileEncoding = 4; lastKnownFileType = sourcecode.c.objc; path = SinglePicManager.m; sourceTree = "<group>"; };
		D3A9627219764593007C561C /* DACircularProgressView.h */ = {isa = PBXFileReference; fileEncoding = 4; lastKnownFileType = sourcecode.c.h; path = DACircularProgressView.h; sourceTree = "<group>"; };
		D3A9627319764593007C561C /* DACircularProgressView.m */ = {isa = PBXFileReference; fileEncoding = 4; lastKnownFileType = sourcecode.c.objc; path = DACircularProgressView.m; sourceTree = "<group>"; };
		D3ABA6D7197796CE0082A5B2 /* EditorButton.h */ = {isa = PBXFileReference; fileEncoding = 4; lastKnownFileType = sourcecode.c.h; path = EditorButton.h; sourceTree = "<group>"; };
		D3ABA6D8197796CE0082A5B2 /* EditorButton.m */ = {isa = PBXFileReference; fileEncoding = 4; lastKnownFileType = sourcecode.c.objc; path = EditorButton.m; sourceTree = "<group>"; };
		D3B2E58C197CF3DD007C3605 /* animal_bg@2x.png */ = {isa = PBXFileReference; lastKnownFileType = image.png; path = "animal_bg@2x.png"; sourceTree = "<group>"; };
		D3B2E58D197CF3DD007C3605 /* peple_bg@2x.png */ = {isa = PBXFileReference; lastKnownFileType = image.png; path = "peple_bg@2x.png"; sourceTree = "<group>"; };
		D3B4FDED1974C7D20078B05E /* InstagramCollectionViewController.h */ = {isa = PBXFileReference; fileEncoding = 4; lastKnownFileType = sourcecode.c.h; path = InstagramCollectionViewController.h; sourceTree = "<group>"; };
		D3B4FDEE1974C7D20078B05E /* InstagramCollectionViewController.m */ = {isa = PBXFileReference; fileEncoding = 4; lastKnownFileType = sourcecode.c.objc; path = InstagramCollectionViewController.m; sourceTree = "<group>"; };
		D3B4FDEF1974C7D20078B05E /* InstagramPictureCollectionViewController.h */ = {isa = PBXFileReference; fileEncoding = 4; lastKnownFileType = sourcecode.c.h; path = InstagramPictureCollectionViewController.h; sourceTree = "<group>"; };
		D3B4FDF01974C7D20078B05E /* InstagramPictureCollectionViewController.m */ = {isa = PBXFileReference; fileEncoding = 4; lastKnownFileType = sourcecode.c.objc; path = InstagramPictureCollectionViewController.m; sourceTree = "<group>"; };
		D3B4FDF11974C7D20078B05E /* InstagramThumbnailCollectionViewController.h */ = {isa = PBXFileReference; fileEncoding = 4; lastKnownFileType = sourcecode.c.h; path = InstagramThumbnailCollectionViewController.h; sourceTree = "<group>"; };
		D3B4FDF21974C7D20078B05E /* InstagramThumbnailCollectionViewController.m */ = {isa = PBXFileReference; fileEncoding = 4; lastKnownFileType = sourcecode.c.objc; path = InstagramThumbnailCollectionViewController.m; sourceTree = "<group>"; };
		D3B4FDF61974C7DD0078B05E /* InstagramCell.h */ = {isa = PBXFileReference; fileEncoding = 4; lastKnownFileType = sourcecode.c.h; path = InstagramCell.h; sourceTree = "<group>"; };
		D3B4FDF71974C7DD0078B05E /* InstagramCell.m */ = {isa = PBXFileReference; fileEncoding = 4; lastKnownFileType = sourcecode.c.objc; path = InstagramCell.m; sourceTree = "<group>"; };
		D3B4FDF91974C7E40078B05E /* InstagramMediaModel.h */ = {isa = PBXFileReference; fileEncoding = 4; lastKnownFileType = sourcecode.c.h; path = InstagramMediaModel.h; sourceTree = "<group>"; };
		D3B4FDFA1974C7E40078B05E /* InstagramMediaModel.m */ = {isa = PBXFileReference; fileEncoding = 4; lastKnownFileType = sourcecode.c.objc; path = InstagramMediaModel.m; sourceTree = "<group>"; };
		D3B4FDFB1974C7E40078B05E /* InstagramMediaModel+XHMediaControl.h */ = {isa = PBXFileReference; fileEncoding = 4; lastKnownFileType = sourcecode.c.h; path = "InstagramMediaModel+XHMediaControl.h"; sourceTree = "<group>"; };
		D3B4FDFC1974C7E40078B05E /* InstagramMediaModel+XHMediaControl.m */ = {isa = PBXFileReference; fileEncoding = 4; lastKnownFileType = sourcecode.c.objc; path = "InstagramMediaModel+XHMediaControl.m"; sourceTree = "<group>"; };
		D3B4FDFD1974C7E40078B05E /* XHInstagramStoreManager.h */ = {isa = PBXFileReference; fileEncoding = 4; lastKnownFileType = sourcecode.c.h; path = XHInstagramStoreManager.h; sourceTree = "<group>"; };
		D3B4FDFE1974C7E40078B05E /* XHInstagramStoreManager.m */ = {isa = PBXFileReference; fileEncoding = 4; lastKnownFileType = sourcecode.c.objc; path = XHInstagramStoreManager.m; sourceTree = "<group>"; };
		D3B80F711973718E005F0832 /* iFc.app */ = {isa = PBXFileReference; explicitFileType = wrapper.application; includeInIndex = 0; path = iFc.app; sourceTree = BUILT_PRODUCTS_DIR; };
		D3B80F741973718E005F0832 /* Foundation.framework */ = {isa = PBXFileReference; lastKnownFileType = wrapper.framework; name = Foundation.framework; path = System/Library/Frameworks/Foundation.framework; sourceTree = SDKROOT; };
		D3B80F761973718E005F0832 /* CoreGraphics.framework */ = {isa = PBXFileReference; lastKnownFileType = wrapper.framework; name = CoreGraphics.framework; path = System/Library/Frameworks/CoreGraphics.framework; sourceTree = SDKROOT; };
		D3B80F781973718E005F0832 /* UIKit.framework */ = {isa = PBXFileReference; lastKnownFileType = wrapper.framework; name = UIKit.framework; path = System/Library/Frameworks/UIKit.framework; sourceTree = SDKROOT; };
		D3B80F7C1973718E005F0832 /* iFc-Info.plist */ = {isa = PBXFileReference; lastKnownFileType = text.plist.xml; path = "iFc-Info.plist"; sourceTree = "<group>"; };
		D3B80F7E1973718E005F0832 /* en */ = {isa = PBXFileReference; lastKnownFileType = text.plist.strings; name = en; path = en.lproj/InfoPlist.strings; sourceTree = "<group>"; };
		D3B80F801973718E005F0832 /* main.m */ = {isa = PBXFileReference; lastKnownFileType = sourcecode.c.objc; path = main.m; sourceTree = "<group>"; };
		D3B80F821973718E005F0832 /* iFc-Prefix.pch */ = {isa = PBXFileReference; lastKnownFileType = sourcecode.c.h; path = "iFc-Prefix.pch"; sourceTree = "<group>"; };
		D3B80F831973718E005F0832 /* FSAppDelegate.h */ = {isa = PBXFileReference; lastKnownFileType = sourcecode.c.h; path = FSAppDelegate.h; sourceTree = "<group>"; };
		D3B80F841973718E005F0832 /* FSAppDelegate.m */ = {isa = PBXFileReference; lastKnownFileType = sourcecode.c.objc; path = FSAppDelegate.m; sourceTree = "<group>"; };
		D3B80F871973718E005F0832 /* Base */ = {isa = PBXFileReference; lastKnownFileType = file.storyboard; name = Base; path = Base.lproj/Main_iPhone.storyboard; sourceTree = "<group>"; };
		D3B80F8A1973718E005F0832 /* Base */ = {isa = PBXFileReference; lastKnownFileType = file.storyboard; name = Base; path = Base.lproj/Main_iPad.storyboard; sourceTree = "<group>"; };
		D3B80F8F1973718E005F0832 /* Images.xcassets */ = {isa = PBXFileReference; lastKnownFileType = folder.assetcatalog; path = Images.xcassets; sourceTree = "<group>"; };
		D3B80F951973718E005F0832 /* iFcTests.xctest */ = {isa = PBXFileReference; explicitFileType = wrapper.cfbundle; includeInIndex = 0; path = iFcTests.xctest; sourceTree = BUILT_PRODUCTS_DIR; };
		D3B80F961973718E005F0832 /* XCTest.framework */ = {isa = PBXFileReference; lastKnownFileType = wrapper.framework; name = XCTest.framework; path = Library/Frameworks/XCTest.framework; sourceTree = DEVELOPER_DIR; };
		D3B80F9E1973718E005F0832 /* iFcTests-Info.plist */ = {isa = PBXFileReference; lastKnownFileType = text.plist.xml; path = "iFcTests-Info.plist"; sourceTree = "<group>"; };
		D3B80FA01973718E005F0832 /* en */ = {isa = PBXFileReference; lastKnownFileType = text.plist.strings; name = en; path = en.lproj/InfoPlist.strings; sourceTree = "<group>"; };
		D3B80FA21973718E005F0832 /* iFcTests.m */ = {isa = PBXFileReference; lastKnownFileType = sourcecode.c.objc; path = iFcTests.m; sourceTree = "<group>"; };
		D3B80FAC197371AC005F0832 /* zh-Hans */ = {isa = PBXFileReference; lastKnownFileType = text.plist.strings; name = "zh-Hans"; path = "zh-Hans.lproj/Main_iPhone.strings"; sourceTree = "<group>"; };
		D3B80FAD197371AC005F0832 /* zh-Hans */ = {isa = PBXFileReference; lastKnownFileType = text.plist.strings; name = "zh-Hans"; path = "zh-Hans.lproj/Main_iPad.strings"; sourceTree = "<group>"; };
		D3B80FAE197371AC005F0832 /* zh-Hans */ = {isa = PBXFileReference; lastKnownFileType = text.plist.strings; name = "zh-Hans"; path = "zh-Hans.lproj/InfoPlist.strings"; sourceTree = "<group>"; };
		D3B80FAF197371AC005F0832 /* zh-Hans */ = {isa = PBXFileReference; lastKnownFileType = text.plist.strings; name = "zh-Hans"; path = "zh-Hans.lproj/InfoPlist.strings"; sourceTree = "<group>"; };
		D3B80FB0197371F5005F0832 /* zh-Hant */ = {isa = PBXFileReference; lastKnownFileType = text.plist.strings; name = "zh-Hant"; path = "zh-Hant.lproj/Main_iPhone.strings"; sourceTree = "<group>"; };
		D3B80FB1197371F5005F0832 /* zh-Hant */ = {isa = PBXFileReference; lastKnownFileType = text.plist.strings; name = "zh-Hant"; path = "zh-Hant.lproj/Main_iPad.strings"; sourceTree = "<group>"; };
		D3B80FB2197371F5005F0832 /* zh-Hant */ = {isa = PBXFileReference; lastKnownFileType = text.plist.strings; name = "zh-Hant"; path = "zh-Hant.lproj/InfoPlist.strings"; sourceTree = "<group>"; };
		D3B80FB3197371F5005F0832 /* zh-Hant */ = {isa = PBXFileReference; lastKnownFileType = text.plist.strings; name = "zh-Hant"; path = "zh-Hant.lproj/InfoPlist.strings"; sourceTree = "<group>"; };
		D3B80FB51973758F005F0832 /* FSBaseViewController.h */ = {isa = PBXFileReference; fileEncoding = 4; lastKnownFileType = sourcecode.c.h; path = FSBaseViewController.h; sourceTree = "<group>"; };
		D3B80FB61973758F005F0832 /* FSBaseViewController.m */ = {isa = PBXFileReference; fileEncoding = 4; lastKnownFileType = sourcecode.c.objc; path = FSBaseViewController.m; sourceTree = "<group>"; };
		D3B80FB8197375E5005F0832 /* AdSupport.framework */ = {isa = PBXFileReference; lastKnownFileType = wrapper.framework; name = AdSupport.framework; path = System/Library/Frameworks/AdSupport.framework; sourceTree = SDKROOT; };
		D3B80FBA197375EE005F0832 /* Social.framework */ = {isa = PBXFileReference; lastKnownFileType = wrapper.framework; name = Social.framework; path = System/Library/Frameworks/Social.framework; sourceTree = SDKROOT; };
		D3B80FBC197375F4005F0832 /* Accounts.framework */ = {isa = PBXFileReference; lastKnownFileType = wrapper.framework; name = Accounts.framework; path = System/Library/Frameworks/Accounts.framework; sourceTree = SDKROOT; };
		D3B80FBE197375FD005F0832 /* AudioToolbox.framework */ = {isa = PBXFileReference; lastKnownFileType = wrapper.framework; name = AudioToolbox.framework; path = System/Library/Frameworks/AudioToolbox.framework; sourceTree = SDKROOT; };
		D3B80FC019737603005F0832 /* CFNetwork.framework */ = {isa = PBXFileReference; lastKnownFileType = wrapper.framework; name = CFNetwork.framework; path = System/Library/Frameworks/CFNetwork.framework; sourceTree = SDKROOT; };
		D3B80FC21973761C005F0832 /* libsqlite3.dylib */ = {isa = PBXFileReference; lastKnownFileType = "compiled.mach-o.dylib"; name = libsqlite3.dylib; path = usr/lib/libsqlite3.dylib; sourceTree = SDKROOT; };
		D3B80FC41973763E005F0832 /* CoreLocation.framework */ = {isa = PBXFileReference; lastKnownFileType = wrapper.framework; name = CoreLocation.framework; path = System/Library/Frameworks/CoreLocation.framework; sourceTree = SDKROOT; };
		D3B80FC619737645005F0832 /* libz.1.1.3.dylib */ = {isa = PBXFileReference; lastKnownFileType = "compiled.mach-o.dylib"; name = libz.1.1.3.dylib; path = usr/lib/libz.1.1.3.dylib; sourceTree = SDKROOT; };
		D3B80FC81973764B005F0832 /* MobileCoreServices.framework */ = {isa = PBXFileReference; lastKnownFileType = wrapper.framework; name = MobileCoreServices.framework; path = System/Library/Frameworks/MobileCoreServices.framework; sourceTree = SDKROOT; };
		D3B80FCA19737652005F0832 /* QuartzCore.framework */ = {isa = PBXFileReference; lastKnownFileType = wrapper.framework; name = QuartzCore.framework; path = System/Library/Frameworks/QuartzCore.framework; sourceTree = SDKROOT; };
		D3B80FCC1973765A005F0832 /* StoreKit.framework */ = {isa = PBXFileReference; lastKnownFileType = wrapper.framework; name = StoreKit.framework; path = System/Library/Frameworks/StoreKit.framework; sourceTree = SDKROOT; };
		D3B80FCE19737660005F0832 /* Security.framework */ = {isa = PBXFileReference; lastKnownFileType = wrapper.framework; name = Security.framework; path = System/Library/Frameworks/Security.framework; sourceTree = SDKROOT; };
		D3B80FD019737666005F0832 /* SystemConfiguration.framework */ = {isa = PBXFileReference; lastKnownFileType = wrapper.framework; name = SystemConfiguration.framework; path = System/Library/Frameworks/SystemConfiguration.framework; sourceTree = SDKROOT; };
		D3B80FD21973787A005F0832 /* Parse.framework */ = {isa = PBXFileReference; lastKnownFileType = wrapper.framework; path = Parse.framework; sourceTree = "<group>"; };
		D3B80FD519737955005F0832 /* FSConfig.h */ = {isa = PBXFileReference; fileEncoding = 4; lastKnownFileType = sourcecode.c.h; path = FSConfig.h; sourceTree = "<group>"; };
		D3B80FD619737955005F0832 /* FSConfig.m */ = {isa = PBXFileReference; fileEncoding = 4; lastKnownFileType = sourcecode.c.objc; path = FSConfig.m; sourceTree = "<group>"; };
		D3B80FD819739745005F0832 /* cellBg.png */ = {isa = PBXFileReference; lastKnownFileType = image.png; path = cellBg.png; sourceTree = "<group>"; };
		D3B80FDA1973A048005F0832 /* placeholder@2x.png */ = {isa = PBXFileReference; lastKnownFileType = image.png; path = "placeholder@2x.png"; sourceTree = "<group>"; };
/* End PBXFileReference section */

/* Begin PBXFrameworksBuildPhase section */
		D3B80F6E1973718E005F0832 /* Frameworks */ = {
			isa = PBXFrameworksBuildPhase;
			buildActionMask = 2147483647;
			files = (
				D3B80FD119737666005F0832 /* SystemConfiguration.framework in Frameworks */,
				D3B80FCF19737660005F0832 /* Security.framework in Frameworks */,
				D3B80FCD1973765A005F0832 /* StoreKit.framework in Frameworks */,
				D3B80FCB19737652005F0832 /* QuartzCore.framework in Frameworks */,
				D3B80FC91973764B005F0832 /* MobileCoreServices.framework in Frameworks */,
				D3B80FC719737645005F0832 /* libz.1.1.3.dylib in Frameworks */,
				D3B80FD31973787A005F0832 /* Parse.framework in Frameworks */,
				D3B80FC51973763E005F0832 /* CoreLocation.framework in Frameworks */,
				D3B80FC31973761C005F0832 /* libsqlite3.dylib in Frameworks */,
				D3B80F771973718E005F0832 /* CoreGraphics.framework in Frameworks */,
				D3B80FC119737603005F0832 /* CFNetwork.framework in Frameworks */,
				D3B80FBF197375FD005F0832 /* AudioToolbox.framework in Frameworks */,
				D3B80FBD197375F4005F0832 /* Accounts.framework in Frameworks */,
				D3B80FBB197375EE005F0832 /* Social.framework in Frameworks */,
				D3B80FB9197375E5005F0832 /* AdSupport.framework in Frameworks */,
				D3B80F791973718E005F0832 /* UIKit.framework in Frameworks */,
				D3B80F751973718E005F0832 /* Foundation.framework in Frameworks */,
			);
			runOnlyForDeploymentPostprocessing = 0;
		};
		D3B80F921973718E005F0832 /* Frameworks */ = {
			isa = PBXFrameworksBuildPhase;
			buildActionMask = 2147483647;
			files = (
				D3B80F971973718E005F0832 /* XCTest.framework in Frameworks */,
				D3B80F991973718E005F0832 /* UIKit.framework in Frameworks */,
				D3B80F981973718E005F0832 /* Foundation.framework in Frameworks */,
			);
			runOnlyForDeploymentPostprocessing = 0;
		};
/* End PBXFrameworksBuildPhase section */

/* Begin PBXGroup section */
		BEC14062197BA636009643D1 /* MBProgressHUD */ = {
			isa = PBXGroup;
			children = (
				BEC14063197BA63D009643D1 /* MBProgressHUD.h */,
				BEC14064197BA63D009643D1 /* MBProgressHUD.m */,
			);
			path = MBProgressHUD;
			sourceTree = "<group>";
		};
		BEE778D319757109000CB8AC /* ADFlipTransition */ = {
			isa = PBXGroup;
			children = (
				BEE778E119757400000CB8AC /* UIView+CaptureImage.h */,
				BEE778E219757400000CB8AC /* UIView+CaptureImage.m */,
				BEE778DA197572B5000CB8AC /* UIViewController+ADFlipTransition.h */,
				BEE778DB197572B5000CB8AC /* UIViewController+ADFlipTransition.m */,
				BEE778D41975728D000CB8AC /* ADFlipTransition.h */,
				BEE778D51975728D000CB8AC /* ADFlipTransition.m */,
				BEE778D61975728D000CB8AC /* UICollectionViewController+ADFlipTransition.h */,
				BEE778D71975728D000CB8AC /* UICollectionViewController+ADFlipTransition.m */,
			);
			path = ADFlipTransition;
			sourceTree = "<group>";
		};
		BEE778DD19757316000CB8AC /* Edit */ = {
			isa = PBXGroup;
			children = (
				BEE778DE19757335000CB8AC /* FSEditorViewController.h */,
				BEE778DF19757335000CB8AC /* FSEditorViewController.m */,
				D3ABA6D7197796CE0082A5B2 /* EditorButton.h */,
				D3ABA6D8197796CE0082A5B2 /* EditorButton.m */,
			);
			path = Edit;
			sourceTree = "<group>";
		};
		BEEDCB1919742634009B4F0B /* MONActivityIndicatorView */ = {
			isa = PBXGroup;
			children = (
				BEEDCB1B19742634009B4F0B /* MONActivityIndicatorView.h */,
				BEEDCB1C19742634009B4F0B /* MONActivityIndicatorView.m */,
			);
			path = MONActivityIndicatorView;
			sourceTree = "<group>";
		};
		D339D5DF19790095002E1A4B /* Utils */ = {
			isa = PBXGroup;
			children = (
				D339D5E019790095002E1A4B /* CLClassList.h */,
				D339D5E119790095002E1A4B /* CLClassList.m */,
				D339D5E219790095002E1A4B /* CLSplineInterpolator.h */,
				D339D5E319790095002E1A4B /* CLSplineInterpolator.m */,
				D339D5E419790095002E1A4B /* UIDevice+SystemVersion.h */,
				D339D5E519790095002E1A4B /* UIDevice+SystemVersion.m */,
				D339D5E619790095002E1A4B /* UIImage+Utility.h */,
				D339D5E719790095002E1A4B /* UIImage+Utility.m */,
				D339D5E819790095002E1A4B /* UIView+Frame.h */,
				D339D5E919790095002E1A4B /* UIView+Frame.m */,
			);
			path = Utils;
			sourceTree = "<group>";
		};
		D396F5651973B68900F21999 /* Libs */ = {
			isa = PBXGroup;
			children = (
				D396F5661973B69300F21999 /* MMDrawerController */,
			);
			path = Libs;
			sourceTree = "<group>";
		};
		D396F5661973B69300F21999 /* MMDrawerController */ = {
			isa = PBXGroup;
			children = (
				D396F5671973B69300F21999 /* MMDrawerBarButtonItem.h */,
				D396F5681973B69300F21999 /* MMDrawerBarButtonItem.m */,
				D396F5691973B69300F21999 /* MMDrawerController.h */,
				D396F56A1973B69300F21999 /* MMDrawerController.m */,
				D396F56B1973B69300F21999 /* MMDrawerVisualState.h */,
				D396F56C1973B69300F21999 /* MMDrawerVisualState.m */,
				D396F56D1973B69300F21999 /* MMExampleDrawerVisualStateManager.h */,
				D396F56E1973B69300F21999 /* MMExampleDrawerVisualStateManager.m */,
				D396F56F1973B69300F21999 /* UIViewController+MMDrawerController.h */,
				D396F5701973B69300F21999 /* UIViewController+MMDrawerController.m */,
			);
			path = MMDrawerController;
			sourceTree = "<group>";
		};
		D396F5831973C6E200F21999 /* Pages */ = {
			isa = PBXGroup;
			children = (
				BEE778DD19757316000CB8AC /* Edit */,
				D3B4FDEC1974C7C50078B05E /* PreviewList */,
				D396F5851973C6FF00F21999 /* SubType */,
				D396F5841973C6F000F21999 /* Home */,
			);
			path = Pages;
			sourceTree = "<group>";
		};
		D396F5841973C6F000F21999 /* Home */ = {
			isa = PBXGroup;
			children = (
				BEEDCB1619741974009B4F0B /* FSViewController.h */,
				BEEDCB1719741974009B4F0B /* FSViewController.m */,
			);
			path = Home;
			sourceTree = "<group>";
		};
		D396F5851973C6FF00F21999 /* SubType */ = {
			isa = PBXGroup;
			children = (
				D396F5801973C58000F21999 /* FSSubTypeViewController.h */,
				D396F5811973C58000F21999 /* FSSubTypeViewController.m */,
				D396F5861973C72200F21999 /* JBParallaxCell.h */,
				D396F5871973C72200F21999 /* JBParallaxCell.m */,
			);
			path = SubType;
			sourceTree = "<group>";
		};
		D3A9626319761DCD007C561C /* curledView */ = {
			isa = PBXGroup;
			children = (
				D3A9626419761DCD007C561C /* CurledViewBase.h */,
				D3A9626519761DCD007C561C /* CurledViewBase.m */,
				D3A9626619761DCD007C561C /* UIButton+Curled.h */,
				D3A9626719761DCD007C561C /* UIButton+Curled.m */,
				D3A9626819761DCD007C561C /* UIImageView+Curled.h */,
				D3A9626919761DCD007C561C /* UIImageView+Curled.m */,
			);
			path = curledView;
			sourceTree = "<group>";
		};
		D3A9626D19763F6E007C561C /* Manager */ = {
			isa = PBXGroup;
			children = (
				D3A9626E19763F99007C561C /* SinglePicManager.h */,
				D3A9626F19763F99007C561C /* SinglePicManager.m */,
			);
			path = Manager;
			sourceTree = "<group>";
		};
		D3A9627119764593007C561C /* DACircularProgress */ = {
			isa = PBXGroup;
			children = (
				D3A9627219764593007C561C /* DACircularProgressView.h */,
				D3A9627319764593007C561C /* DACircularProgressView.m */,
			);
			path = DACircularProgress;
			sourceTree = "<group>";
		};
		D3B4FDEC1974C7C50078B05E /* PreviewList */ = {
			isa = PBXGroup;
			children = (
				D3B4FDF91974C7E40078B05E /* InstagramMediaModel.h */,
				D3B4FDFA1974C7E40078B05E /* InstagramMediaModel.m */,
				D3B4FDFB1974C7E40078B05E /* InstagramMediaModel+XHMediaControl.h */,
				D3B4FDFC1974C7E40078B05E /* InstagramMediaModel+XHMediaControl.m */,
				D3B4FDFD1974C7E40078B05E /* XHInstagramStoreManager.h */,
				D3B4FDFE1974C7E40078B05E /* XHInstagramStoreManager.m */,
				D3B4FDF61974C7DD0078B05E /* InstagramCell.h */,
				D3B4FDF71974C7DD0078B05E /* InstagramCell.m */,
				D3B4FDED1974C7D20078B05E /* InstagramCollectionViewController.h */,
				D3B4FDEE1974C7D20078B05E /* InstagramCollectionViewController.m */,
				D3B4FDEF1974C7D20078B05E /* InstagramPictureCollectionViewController.h */,
				D3B4FDF01974C7D20078B05E /* InstagramPictureCollectionViewController.m */,
				D3B4FDF11974C7D20078B05E /* InstagramThumbnailCollectionViewController.h */,
				D3B4FDF21974C7D20078B05E /* InstagramThumbnailCollectionViewController.m */,
			);
			path = PreviewList;
			sourceTree = "<group>";
		};
		D3B80F681973718E005F0832 = {
			isa = PBXGroup;
			children = (
				D3B80F7A1973718E005F0832 /* iFc */,
				D3B80FB4197374BF005F0832 /* Resources */,
				D3B80F9C1973718E005F0832 /* iFcTests */,
				D3B80F731973718E005F0832 /* Frameworks */,
				D3B80F721973718E005F0832 /* Products */,
			);
			sourceTree = "<group>";
		};
		D3B80F721973718E005F0832 /* Products */ = {
			isa = PBXGroup;
			children = (
				D3B80F711973718E005F0832 /* iFc.app */,
				D3B80F951973718E005F0832 /* iFcTests.xctest */,
			);
			name = Products;
			sourceTree = "<group>";
		};
		D3B80F731973718E005F0832 /* Frameworks */ = {
			isa = PBXGroup;
			children = (
				D3B80FD21973787A005F0832 /* Parse.framework */,
				D3B80FD019737666005F0832 /* SystemConfiguration.framework */,
				D3B80FCE19737660005F0832 /* Security.framework */,
				D3B80FCC1973765A005F0832 /* StoreKit.framework */,
				D3B80FCA19737652005F0832 /* QuartzCore.framework */,
				D3B80FC81973764B005F0832 /* MobileCoreServices.framework */,
				D3B80FC619737645005F0832 /* libz.1.1.3.dylib */,
				D3B80FC41973763E005F0832 /* CoreLocation.framework */,
				D3B80FC21973761C005F0832 /* libsqlite3.dylib */,
				D3B80FC019737603005F0832 /* CFNetwork.framework */,
				D3B80FBE197375FD005F0832 /* AudioToolbox.framework */,
				D3B80FBC197375F4005F0832 /* Accounts.framework */,
				D3B80FBA197375EE005F0832 /* Social.framework */,
				D3B80FB8197375E5005F0832 /* AdSupport.framework */,
				D3B80F741973718E005F0832 /* Foundation.framework */,
				D3B80F761973718E005F0832 /* CoreGraphics.framework */,
				D3B80F781973718E005F0832 /* UIKit.framework */,
				D3B80F961973718E005F0832 /* XCTest.framework */,
			);
			name = Frameworks;
			sourceTree = "<group>";
		};
		D3B80F7A1973718E005F0832 /* iFc */ = {
			isa = PBXGroup;
			children = (
				D3A9626D19763F6E007C561C /* Manager */,
				D396F5831973C6E200F21999 /* Pages */,
				D396F5761973B6FC00F21999 /* FSMenuViewController.h */,
				D396F5771973B6FC00F21999 /* FSMenuViewController.m */,
				D3B80FB51973758F005F0832 /* FSBaseViewController.h */,
				D3B80FB61973758F005F0832 /* FSBaseViewController.m */,
				D396F5651973B68900F21999 /* Libs */,
				D3B80FD4197378D4005F0832 /* Common */,
				D3B80F831973718E005F0832 /* FSAppDelegate.h */,
				D3B80F841973718E005F0832 /* FSAppDelegate.m */,
				D3B80F861973718E005F0832 /* Main_iPhone.storyboard */,
				D3B80F891973718E005F0832 /* Main_iPad.storyboard */,
				D3B80F8F1973718E005F0832 /* Images.xcassets */,
				D3B80F7B1973718E005F0832 /* Supporting Files */,
				D3B80FD519737955005F0832 /* FSConfig.h */,
				D3B80FD619737955005F0832 /* FSConfig.m */,
			);
			path = iFc;
			sourceTree = "<group>";
		};
		D3B80F7B1973718E005F0832 /* Supporting Files */ = {
			isa = PBXGroup;
			children = (
				D3B80F7C1973718E005F0832 /* iFc-Info.plist */,
				D3B80F7D1973718E005F0832 /* InfoPlist.strings */,
				D3B80F801973718E005F0832 /* main.m */,
				D3B80F821973718E005F0832 /* iFc-Prefix.pch */,
				D396F57D1973BD4600F21999 /* Localizable.strings */,
			);
			name = "Supporting Files";
			sourceTree = "<group>";
		};
		D3B80F9C1973718E005F0832 /* iFcTests */ = {
			isa = PBXGroup;
			children = (
				D3B80FA21973718E005F0832 /* iFcTests.m */,
				D3B80F9D1973718E005F0832 /* Supporting Files */,
			);
			path = iFcTests;
			sourceTree = "<group>";
		};
		D3B80F9D1973718E005F0832 /* Supporting Files */ = {
			isa = PBXGroup;
			children = (
				D3B80F9E1973718E005F0832 /* iFcTests-Info.plist */,
				D3B80F9F1973718E005F0832 /* InfoPlist.strings */,
			);
			name = "Supporting Files";
			sourceTree = "<group>";
		};
		D3B80FB4197374BF005F0832 /* Resources */ = {
			isa = PBXGroup;
			children = (
				D3B2E58C197CF3DD007C3605 /* animal_bg@2x.png */,
				D3B2E58D197CF3DD007C3605 /* peple_bg@2x.png */,
				D339D5EF19790220002E1A4B /* brightness.png */,
				D339D5F019790220002E1A4B /* brightness@2x.png */,
				D339D5F119790220002E1A4B /* contrast.png */,
				D339D5F219790220002E1A4B /* contrast@2x.png */,
				D339D5F319790220002E1A4B /* saturation.png */,
				D339D5F419790220002E1A4B /* saturation@2x.png */,
				D339D5DD1978FCB1002E1A4B /* edit_back@2x.png */,
				D339D5D91978D30D002E1A4B /* tiaose@2x.png */,
				D396F5541973B50C00F21999 /* pulDrawer.png */,
				D396F5521973AD5200F21999 /* nav_bg@2x.png */,
				D3B80FDA1973A048005F0832 /* placeholder@2x.png */,
				D396F5891973CF5500F21999 /* placeholder2@2x.png */,
				D3B80FD819739745005F0832 /* cellBg.png */,
			);
			name = Resources;
			path = iFc/Resources;
			sourceTree = "<group>";
		};
		D3B80FD4197378D4005F0832 /* Common */ = {
			isa = PBXGroup;
			children = (
				BEC14062197BA636009643D1 /* MBProgressHUD */,
				D339D5FB19792630002E1A4B /* CMSCoinView.h */,
				D339D5FC19792630002E1A4B /* CMSCoinView.m */,
				D339D5DF19790095002E1A4B /* Utils */,
				D3A9627119764593007C561C /* DACircularProgress */,
				D3A9626319761DCD007C561C /* curledView */,
				BEE778D319757109000CB8AC /* ADFlipTransition */,
				BEEDCB1919742634009B4F0B /* MONActivityIndicatorView */,
				D396F5561973B5C100F21999 /* UILabel+attributed.h */,
				D396F5571973B5C100F21999 /* UILabel+attributed.m */,
				D396F5581973B5C100F21999 /* UIButton+Block.h */,
				D396F5591973B5C100F21999 /* UIButton+Block.m */,
				D396F55A1973B5C100F21999 /* UIAlertView+Block.h */,
				D396F55B1973B5C100F21999 /* UIAlertView+Block.m */,
				D396F55C1973B5C100F21999 /* NSString+size.h */,
				D396F55D1973B5C100F21999 /* NSString+size.m */,
				D396F55E1973B5C100F21999 /* NSObject+Objects.h */,
				D396F55F1973B5C100F21999 /* NSObject+Objects.m */,
			);
			path = Common;
			sourceTree = "<group>";
		};
/* End PBXGroup section */

/* Begin PBXNativeTarget section */
		D3B80F701973718E005F0832 /* iFc */ = {
			isa = PBXNativeTarget;
			buildConfigurationList = D3B80FA61973718E005F0832 /* Build configuration list for PBXNativeTarget "iFc" */;
			buildPhases = (
				D3B80F6D1973718E005F0832 /* Sources */,
				D3B80F6E1973718E005F0832 /* Frameworks */,
				D3B80F6F1973718E005F0832 /* Resources */,
			);
			buildRules = (
			);
			dependencies = (
			);
			name = iFc;
			productName = iFc;
			productReference = D3B80F711973718E005F0832 /* iFc.app */;
			productType = "com.apple.product-type.application";
		};
		D3B80F941973718E005F0832 /* iFcTests */ = {
			isa = PBXNativeTarget;
			buildConfigurationList = D3B80FA91973718E005F0832 /* Build configuration list for PBXNativeTarget "iFcTests" */;
			buildPhases = (
				D3B80F911973718E005F0832 /* Sources */,
				D3B80F921973718E005F0832 /* Frameworks */,
				D3B80F931973718E005F0832 /* Resources */,
			);
			buildRules = (
			);
			dependencies = (
				D3B80F9B1973718E005F0832 /* PBXTargetDependency */,
			);
			name = iFcTests;
			productName = iFcTests;
			productReference = D3B80F951973718E005F0832 /* iFcTests.xctest */;
			productType = "com.apple.product-type.bundle.unit-test";
		};
/* End PBXNativeTarget section */

/* Begin PBXProject section */
		D3B80F691973718E005F0832 /* Project object */ = {
			isa = PBXProject;
			attributes = {
				CLASSPREFIX = FS;
				LastUpgradeCheck = 0510;
				ORGANIZATIONNAME = "Fuleco studio";
				TargetAttributes = {
					D3B80F701973718E005F0832 = {
						DevelopmentTeam = 2QEUAT8WGW;
					};
					D3B80F941973718E005F0832 = {
						TestTargetID = D3B80F701973718E005F0832;
					};
				};
			};
			buildConfigurationList = D3B80F6C1973718E005F0832 /* Build configuration list for PBXProject "iFc" */;
			compatibilityVersion = "Xcode 3.2";
			developmentRegion = English;
			hasScannedForEncodings = 0;
			knownRegions = (
				en,
				Base,
				"zh-Hans",
				"zh-Hant",
			);
			mainGroup = D3B80F681973718E005F0832;
			productRefGroup = D3B80F721973718E005F0832 /* Products */;
			projectDirPath = "";
			projectRoot = "";
			targets = (
				D3B80F701973718E005F0832 /* iFc */,
				D3B80F941973718E005F0832 /* iFcTests */,
			);
		};
/* End PBXProject section */

/* Begin PBXResourcesBuildPhase section */
		D3B80F6F1973718E005F0832 /* Resources */ = {
			isa = PBXResourcesBuildPhase;
			buildActionMask = 2147483647;
			files = (
				D3B80F8B1973718E005F0832 /* Main_iPad.storyboard in Resources */,
				D396F5531973AD5200F21999 /* nav_bg@2x.png in Resources */,
				D3B80F901973718E005F0832 /* Images.xcassets in Resources */,
				D339D5F619790220002E1A4B /* brightness@2x.png in Resources */,
				D339D5DE1978FCB1002E1A4B /* edit_back@2x.png in Resources */,
				D339D5F719790220002E1A4B /* contrast.png in Resources */,
				D3B80FDB1973A048005F0832 /* placeholder@2x.png in Resources */,
				D396F57B1973BD4600F21999 /* Localizable.strings in Resources */,
				D3B80F881973718E005F0832 /* Main_iPhone.storyboard in Resources */,
				D339D5F919790220002E1A4B /* saturation.png in Resources */,
				D339D5F519790220002E1A4B /* brightness.png in Resources */,
				D339D5F819790220002E1A4B /* contrast@2x.png in Resources */,
				D3B80FD919739745005F0832 /* cellBg.png in Resources */,
				D3B2E58E197CF3DD007C3605 /* animal_bg@2x.png in Resources */,
				D396F58A1973CF5500F21999 /* placeholder2@2x.png in Resources */,
				D339D5FA19790220002E1A4B /* saturation@2x.png in Resources */,
				D396F5551973B50C00F21999 /* pulDrawer.png in Resources */,
				D3B80F7F1973718E005F0832 /* InfoPlist.strings in Resources */,
				D3B2E58F197CF3DD007C3605 /* peple_bg@2x.png in Resources */,
				D339D5DA1978D30D002E1A4B /* tiaose@2x.png in Resources */,
			);
			runOnlyForDeploymentPostprocessing = 0;
		};
		D3B80F931973718E005F0832 /* Resources */ = {
			isa = PBXResourcesBuildPhase;
			buildActionMask = 2147483647;
			files = (
				D3B80FA11973718E005F0832 /* InfoPlist.strings in Resources */,
			);
			runOnlyForDeploymentPostprocessing = 0;
		};
/* End PBXResourcesBuildPhase section */

/* Begin PBXSourcesBuildPhase section */
		D3B80F6D1973718E005F0832 /* Sources */ = {
			isa = PBXSourcesBuildPhase;
			buildActionMask = 2147483647;
			files = (
				D3A9626A19761DCD007C561C /* CurledViewBase.m in Sources */,
				D339D5EA19790095002E1A4B /* CLClassList.m in Sources */,
				D3B80FB71973758F005F0832 /* FSBaseViewController.m in Sources */,
				BEEDCB1E19742634009B4F0B /* MONActivityIndicatorView.m in Sources */,
				D3B4FE001974C7E40078B05E /* InstagramMediaModel+XHMediaControl.m in Sources */,
				D396F5731973B69300F21999 /* MMDrawerVisualState.m in Sources */,
				D3B80F811973718E005F0832 /* main.m in Sources */,
				D396F5751973B69300F21999 /* UIViewController+MMDrawerController.m in Sources */,
				D339D5EB19790095002E1A4B /* CLSplineInterpolator.m in Sources */,
				D396F5881973C72200F21999 /* JBParallaxCell.m in Sources */,
				D3B4FDF51974C7D20078B05E /* InstagramThumbnailCollectionViewController.m in Sources */,
				D3ABA6D9197796CE0082A5B2 /* EditorButton.m in Sources */,
				BEEDCB1819741974009B4F0B /* FSViewController.m in Sources */,
				D3B4FDF31974C7D20078B05E /* InstagramCollectionViewController.m in Sources */,
				D3B4FE011974C7E40078B05E /* XHInstagramStoreManager.m in Sources */,
				BEC14065197BA63D009643D1 /* MBProgressHUD.m in Sources */,
				BEE778D91975728D000CB8AC /* UICollectionViewController+ADFlipTransition.m in Sources */,
				D3A9627419764593007C561C /* DACircularProgressView.m in Sources */,
				D396F5601973B5C100F21999 /* UILabel+attributed.m in Sources */,
				D3B4FDF81974C7DD0078B05E /* InstagramCell.m in Sources */,
				BEE778D81975728D000CB8AC /* ADFlipTransition.m in Sources */,
				D396F5711973B69300F21999 /* MMDrawerBarButtonItem.m in Sources */,
				D3B4FDF41974C7D20078B05E /* InstagramPictureCollectionViewController.m in Sources */,
				BEE778E319757400000CB8AC /* UIView+CaptureImage.m in Sources */,
				D339D5EC19790095002E1A4B /* UIDevice+SystemVersion.m in Sources */,
				D339D5EE19790095002E1A4B /* UIView+Frame.m in Sources */,
				D3B80F851973718E005F0832 /* FSAppDelegate.m in Sources */,
				D339D5ED19790095002E1A4B /* UIImage+Utility.m in Sources */,
				D396F5631973B5C100F21999 /* NSString+size.m in Sources */,
				D3B4FDFF1974C7E40078B05E /* InstagramMediaModel.m in Sources */,
				D396F5741973B69300F21999 /* MMExampleDrawerVisualStateManager.m in Sources */,
				D396F5611973B5C100F21999 /* UIButton+Block.m in Sources */,
				BEE778DC197572B5000CB8AC /* UIViewController+ADFlipTransition.m in Sources */,
				D396F5641973B5C100F21999 /* NSObject+Objects.m in Sources */,
				BEE778E019757335000CB8AC /* FSEditorViewController.m in Sources */,
				D396F5621973B5C100F21999 /* UIAlertView+Block.m in Sources */,
				D3B80FD719737955005F0832 /* FSConfig.m in Sources */,
				D396F5721973B69300F21999 /* MMDrawerController.m in Sources */,
				D396F5781973B6FC00F21999 /* FSMenuViewController.m in Sources */,
				D339D5FD19792630002E1A4B /* CMSCoinView.m in Sources */,
				D3A9627019763F99007C561C /* SinglePicManager.m in Sources */,
				D3A9626C19761DCD007C561C /* UIImageView+Curled.m in Sources */,
				D396F5821973C58000F21999 /* FSSubTypeViewController.m in Sources */,
				D3A9626B19761DCD007C561C /* UIButton+Curled.m in Sources */,
			);
			runOnlyForDeploymentPostprocessing = 0;
		};
		D3B80F911973718E005F0832 /* Sources */ = {
			isa = PBXSourcesBuildPhase;
			buildActionMask = 2147483647;
			files = (
				D3B80FA31973718E005F0832 /* iFcTests.m in Sources */,
			);
			runOnlyForDeploymentPostprocessing = 0;
		};
/* End PBXSourcesBuildPhase section */

/* Begin PBXTargetDependency section */
		D3B80F9B1973718E005F0832 /* PBXTargetDependency */ = {
			isa = PBXTargetDependency;
			target = D3B80F701973718E005F0832 /* iFc */;
			targetProxy = D3B80F9A1973718E005F0832 /* PBXContainerItemProxy */;
		};
/* End PBXTargetDependency section */

/* Begin PBXVariantGroup section */
		D396F57D1973BD4600F21999 /* Localizable.strings */ = {
			isa = PBXVariantGroup;
			children = (
				D396F57C1973BD4600F21999 /* zh-Hans */,
				D396F57E1973BD4C00F21999 /* zh-Hant */,
				D396F57F1973BD4D00F21999 /* en */,
			);
			name = Localizable.strings;
			sourceTree = "<group>";
		};
		D3B80F7D1973718E005F0832 /* InfoPlist.strings */ = {
			isa = PBXVariantGroup;
			children = (
				D3B80F7E1973718E005F0832 /* en */,
				D3B80FAE197371AC005F0832 /* zh-Hans */,
				D3B80FB2197371F5005F0832 /* zh-Hant */,
			);
			name = InfoPlist.strings;
			sourceTree = "<group>";
		};
		D3B80F861973718E005F0832 /* Main_iPhone.storyboard */ = {
			isa = PBXVariantGroup;
			children = (
				D3B80F871973718E005F0832 /* Base */,
				D3B80FAC197371AC005F0832 /* zh-Hans */,
				D3B80FB0197371F5005F0832 /* zh-Hant */,
			);
			name = Main_iPhone.storyboard;
			sourceTree = "<group>";
		};
		D3B80F891973718E005F0832 /* Main_iPad.storyboard */ = {
			isa = PBXVariantGroup;
			children = (
				D3B80F8A1973718E005F0832 /* Base */,
				D3B80FAD197371AC005F0832 /* zh-Hans */,
				D3B80FB1197371F5005F0832 /* zh-Hant */,
			);
			name = Main_iPad.storyboard;
			sourceTree = "<group>";
		};
		D3B80F9F1973718E005F0832 /* InfoPlist.strings */ = {
			isa = PBXVariantGroup;
			children = (
				D3B80FA01973718E005F0832 /* en */,
				D3B80FAF197371AC005F0832 /* zh-Hans */,
				D3B80FB3197371F5005F0832 /* zh-Hant */,
			);
			name = InfoPlist.strings;
			sourceTree = "<group>";
		};
/* End PBXVariantGroup section */

/* Begin XCBuildConfiguration section */
		D3B80FA41973718E005F0832 /* Debug */ = {
			isa = XCBuildConfiguration;
			buildSettings = {
				ALWAYS_SEARCH_USER_PATHS = NO;
				CLANG_CXX_LANGUAGE_STANDARD = "gnu++0x";
				CLANG_CXX_LIBRARY = "libc++";
				CLANG_ENABLE_MODULES = YES;
				CLANG_ENABLE_OBJC_ARC = YES;
				CLANG_WARN_BOOL_CONVERSION = YES;
				CLANG_WARN_CONSTANT_CONVERSION = YES;
				CLANG_WARN_DIRECT_OBJC_ISA_USAGE = YES_ERROR;
				CLANG_WARN_EMPTY_BODY = YES;
				CLANG_WARN_ENUM_CONVERSION = YES;
				CLANG_WARN_INT_CONVERSION = YES;
				CLANG_WARN_OBJC_ROOT_CLASS = YES_ERROR;
				CLANG_WARN__DUPLICATE_METHOD_MATCH = YES;
				"CODE_SIGN_IDENTITY[sdk=iphoneos*]" = "iPhone Developer";
				COPY_PHASE_STRIP = NO;
				GCC_C_LANGUAGE_STANDARD = gnu99;
				GCC_DYNAMIC_NO_PIC = NO;
				GCC_OPTIMIZATION_LEVEL = 0;
				GCC_PREPROCESSOR_DEFINITIONS = (
					"DEBUG=1",
					"$(inherited)",
				);
				GCC_SYMBOLS_PRIVATE_EXTERN = NO;
				GCC_WARN_64_TO_32_BIT_CONVERSION = YES;
				GCC_WARN_ABOUT_RETURN_TYPE = YES_ERROR;
				GCC_WARN_UNDECLARED_SELECTOR = YES;
				GCC_WARN_UNINITIALIZED_AUTOS = YES_AGGRESSIVE;
				GCC_WARN_UNUSED_FUNCTION = YES;
				GCC_WARN_UNUSED_VARIABLE = YES;
				IPHONEOS_DEPLOYMENT_TARGET = 6.0;
				ONLY_ACTIVE_ARCH = YES;
				SDKROOT = iphoneos;
				TARGETED_DEVICE_FAMILY = "1,2";
			};
			name = Debug;
		};
		D3B80FA51973718E005F0832 /* Release */ = {
			isa = XCBuildConfiguration;
			buildSettings = {
				ALWAYS_SEARCH_USER_PATHS = NO;
				CLANG_CXX_LANGUAGE_STANDARD = "gnu++0x";
				CLANG_CXX_LIBRARY = "libc++";
				CLANG_ENABLE_MODULES = YES;
				CLANG_ENABLE_OBJC_ARC = YES;
				CLANG_WARN_BOOL_CONVERSION = YES;
				CLANG_WARN_CONSTANT_CONVERSION = YES;
				CLANG_WARN_DIRECT_OBJC_ISA_USAGE = YES_ERROR;
				CLANG_WARN_EMPTY_BODY = YES;
				CLANG_WARN_ENUM_CONVERSION = YES;
				CLANG_WARN_INT_CONVERSION = YES;
				CLANG_WARN_OBJC_ROOT_CLASS = YES_ERROR;
				CLANG_WARN__DUPLICATE_METHOD_MATCH = YES;
				"CODE_SIGN_IDENTITY[sdk=iphoneos*]" = "iPhone Developer";
				COPY_PHASE_STRIP = YES;
				ENABLE_NS_ASSERTIONS = NO;
				GCC_C_LANGUAGE_STANDARD = gnu99;
				GCC_WARN_64_TO_32_BIT_CONVERSION = YES;
				GCC_WARN_ABOUT_RETURN_TYPE = YES_ERROR;
				GCC_WARN_UNDECLARED_SELECTOR = YES;
				GCC_WARN_UNINITIALIZED_AUTOS = YES_AGGRESSIVE;
				GCC_WARN_UNUSED_FUNCTION = YES;
				GCC_WARN_UNUSED_VARIABLE = YES;
				IPHONEOS_DEPLOYMENT_TARGET = 6.0;
				SDKROOT = iphoneos;
				TARGETED_DEVICE_FAMILY = "1,2";
				VALIDATE_PRODUCT = YES;
			};
			name = Release;
		};
		D3B80FA71973718E005F0832 /* Debug */ = {
			isa = XCBuildConfiguration;
			buildSettings = {
				ASSETCATALOG_COMPILER_APPICON_NAME = AppIcon;
				ASSETCATALOG_COMPILER_LAUNCHIMAGE_NAME = LaunchImage;
				CODE_SIGN_IDENTITY = "iPhone Developer";
				"CODE_SIGN_IDENTITY[sdk=iphoneos*]" = "iPhone Developer";
				FRAMEWORK_SEARCH_PATHS = (
					"$(inherited)",
					"$(PROJECT_DIR)",
				);
				GCC_PRECOMPILE_PREFIX_HEADER = YES;
				GCC_PREFIX_HEADER = "iFc/iFc-Prefix.pch";
				INFOPLIST_FILE = "iFc/iFc-Info.plist";
				IPHONEOS_DEPLOYMENT_TARGET = 6.0;
				PRODUCT_NAME = "$(TARGET_NAME)";
				PROVISIONING_PROFILE = "";
				WRAPPER_EXTENSION = app;
			};
			name = Debug;
		};
		D3B80FA81973718E005F0832 /* Release */ = {
			isa = XCBuildConfiguration;
			buildSettings = {
				ASSETCATALOG_COMPILER_APPICON_NAME = AppIcon;
				ASSETCATALOG_COMPILER_LAUNCHIMAGE_NAME = LaunchImage;
				CODE_SIGN_IDENTITY = "iPhone Developer";
				"CODE_SIGN_IDENTITY[sdk=iphoneos*]" = "iPhone Developer";
				FRAMEWORK_SEARCH_PATHS = (
					"$(inherited)",
					"$(PROJECT_DIR)",
				);
				GCC_PRECOMPILE_PREFIX_HEADER = YES;
				GCC_PREFIX_HEADER = "iFc/iFc-Prefix.pch";
				INFOPLIST_FILE = "iFc/iFc-Info.plist";
				IPHONEOS_DEPLOYMENT_TARGET = 6.0;
				PRODUCT_NAME = "$(TARGET_NAME)";
				PROVISIONING_PROFILE = "";
				WRAPPER_EXTENSION = app;
			};
			name = Release;
		};
		D3B80FAA1973718E005F0832 /* Debug */ = {
			isa = XCBuildConfiguration;
			buildSettings = {
				BUNDLE_LOADER = "$(BUILT_PRODUCTS_DIR)/iFc.app/iFc";
				FRAMEWORK_SEARCH_PATHS = (
					"$(SDKROOT)/Developer/Library/Frameworks",
					"$(inherited)",
					"$(DEVELOPER_FRAMEWORKS_DIR)",
				);
				GCC_PRECOMPILE_PREFIX_HEADER = YES;
				GCC_PREFIX_HEADER = "iFc/iFc-Prefix.pch";
				GCC_PREPROCESSOR_DEFINITIONS = (
					"DEBUG=1",
					"$(inherited)",
				);
				INFOPLIST_FILE = "iFcTests/iFcTests-Info.plist";
				PRODUCT_NAME = "$(TARGET_NAME)";
				TEST_HOST = "$(BUNDLE_LOADER)";
				WRAPPER_EXTENSION = xctest;
			};
			name = Debug;
		};
		D3B80FAB1973718E005F0832 /* Release */ = {
			isa = XCBuildConfiguration;
			buildSettings = {
				BUNDLE_LOADER = "$(BUILT_PRODUCTS_DIR)/iFc.app/iFc";
				FRAMEWORK_SEARCH_PATHS = (
					"$(SDKROOT)/Developer/Library/Frameworks",
					"$(inherited)",
					"$(DEVELOPER_FRAMEWORKS_DIR)",
				);
				GCC_PRECOMPILE_PREFIX_HEADER = YES;
				GCC_PREFIX_HEADER = "iFc/iFc-Prefix.pch";
				INFOPLIST_FILE = "iFcTests/iFcTests-Info.plist";
				PRODUCT_NAME = "$(TARGET_NAME)";
				TEST_HOST = "$(BUNDLE_LOADER)";
				WRAPPER_EXTENSION = xctest;
			};
			name = Release;
		};
/* End XCBuildConfiguration section */

/* Begin XCConfigurationList section */
		D3B80F6C1973718E005F0832 /* Build configuration list for PBXProject "iFc" */ = {
			isa = XCConfigurationList;
			buildConfigurations = (
				D3B80FA41973718E005F0832 /* Debug */,
				D3B80FA51973718E005F0832 /* Release */,
			);
			defaultConfigurationIsVisible = 0;
			defaultConfigurationName = Debug;
		};
		D3B80FA61973718E005F0832 /* Build configuration list for PBXNativeTarget "iFc" */ = {
			isa = XCConfigurationList;
			buildConfigurations = (
				D3B80FA71973718E005F0832 /* Debug */,
				D3B80FA81973718E005F0832 /* Release */,
			);
			defaultConfigurationIsVisible = 0;
			defaultConfigurationName = Debug;
		};
		D3B80FA91973718E005F0832 /* Build configuration list for PBXNativeTarget "iFcTests" */ = {
			isa = XCConfigurationList;
			buildConfigurations = (
				D3B80FAA1973718E005F0832 /* Debug */,
				D3B80FAB1973718E005F0832 /* Release */,
			);
			defaultConfigurationIsVisible = 0;
			defaultConfigurationName = Debug;
		};
/* End XCConfigurationList section */
	};
	rootObject = D3B80F691973718E005F0832 /* Project object */;
}
